
Microsoft Visual Studio Solution File, Format Version 12.00
# Visual Studio Version 16
VisualStudioVersion = 16.0.31410.357
MinimumVisualStudioVersion = 10.0.40219.1
Project("{FAE04EC0-301F-11D3-BF4B-00C04F79EFBC}") = "island-perimeter", "island-perimeter\island-perimeter.csproj", "{3E2EF5A7-3C11-4B3F-9A5D-7A7DFA29CA5A}"
EndProject
Project("{FAE04EC0-301F-11D3-BF4B-00C04F79EFBC}") = "number-complement", "number-complement\number-complement.csproj", "{2CC21685-D2C5-45EB-A394-A5F676CC96C6}"
EndProject
Project("{FAE04EC0-301F-11D3-BF4B-00C04F79EFBC}") = "sum-of-even-numbers-after-queries", "sum-of-even-numbers-after-queries\sum-of-even-numbers-after-queries.csproj", "{9D9A6279-2A2B-4470-A993-FB01435BBC81}"
EndProject
Project("{FAE04EC0-301F-11D3-BF4B-00C04F79EFBC}") = "candy", "candy\candy.csproj", "{56936ABC-5AD9-44B7-B2C5-158B4F2C3037}"
EndProject
Project("{FAE04EC0-301F-11D3-BF4B-00C04F79EFBC}") = "thousand-separator", "thousand-separator\thousand-separator.csproj", "{0034C5B1-CE2C-4023-9AD6-2BC50C2ED12D}"
EndProject
Project("{FAE04EC0-301F-11D3-BF4B-00C04F79EFBC}") = "longest-subarray-of-1s-after-deleting-one-element", "longest-subarray-of-1s-after-deleting-one-element\longest-subarray-of-1s-after-deleting-one-element.csproj", "{FB849E8D-8164-4FDF-940B-B4311D680033}"
EndProject
Project("{FAE04EC0-301F-11D3-BF4B-00C04F79EFBC}") = "minimize-maximum-pair-sum-in-array", "minimize-maximum-pair-sum-in-array\minimize-maximum-pair-sum-in-array.csproj", "{96EC0DE9-72DB-4C10-88B6-E1ED305F4E50}"
EndProject
Project("{FAE04EC0-301F-11D3-BF4B-00C04F79EFBC}") = "maximum-product-subarray", "maximum-product-subarray\maximum-product-subarray.csproj", "{C8799301-E976-42BE-AC67-E999AC4DA157}"
EndProject
Project("{FAE04EC0-301F-11D3-BF4B-00C04F79EFBC}") = "longest-palindromic-substring", "longest-palindromic-substring\longest-palindromic-substring.csproj", "{A094A2A3-07B3-41A4-9D37-302239AF4F51}"
EndProject
Project("{FAE04EC0-301F-11D3-BF4B-00C04F79EFBC}") = "circle-and-rectangle-overlapping", "circle-and-rectangle-overlapping\circle-and-rectangle-overlapping.csproj", "{96FFBFA7-1062-4C43-B365-8C47FBF1237B}"
EndProject
Global
	GlobalSection(SolutionConfigurationPlatforms) = preSolution
		Debug|Any CPU = Debug|Any CPU
		Release|Any CPU = Release|Any CPU
	EndGlobalSection
	GlobalSection(ProjectConfigurationPlatforms) = postSolution
		{3E2EF5A7-3C11-4B3F-9A5D-7A7DFA29CA5A}.Debug|Any CPU.ActiveCfg = Debug|Any CPU
		{3E2EF5A7-3C11-4B3F-9A5D-7A7DFA29CA5A}.Debug|Any CPU.Build.0 = Debug|Any CPU
		{3E2EF5A7-3C11-4B3F-9A5D-7A7DFA29CA5A}.Release|Any CPU.ActiveCfg = Release|Any CPU
		{3E2EF5A7-3C11-4B3F-9A5D-7A7DFA29CA5A}.Release|Any CPU.Build.0 = Release|Any CPU
		{2CC21685-D2C5-45EB-A394-A5F676CC96C6}.Debug|Any CPU.ActiveCfg = Debug|Any CPU
		{2CC21685-D2C5-45EB-A394-A5F676CC96C6}.Debug|Any CPU.Build.0 = Debug|Any CPU
		{2CC21685-D2C5-45EB-A394-A5F676CC96C6}.Release|Any CPU.ActiveCfg = Release|Any CPU
		{2CC21685-D2C5-45EB-A394-A5F676CC96C6}.Release|Any CPU.Build.0 = Release|Any CPU
		{9D9A6279-2A2B-4470-A993-FB01435BBC81}.Debug|Any CPU.ActiveCfg = Debug|Any CPU
		{9D9A6279-2A2B-4470-A993-FB01435BBC81}.Debug|Any CPU.Build.0 = Debug|Any CPU
		{9D9A6279-2A2B-4470-A993-FB01435BBC81}.Release|Any CPU.ActiveCfg = Release|Any CPU
		{9D9A6279-2A2B-4470-A993-FB01435BBC81}.Release|Any CPU.Build.0 = Release|Any CPU
		{56936ABC-5AD9-44B7-B2C5-158B4F2C3037}.Debug|Any CPU.ActiveCfg = Debug|Any CPU
		{56936ABC-5AD9-44B7-B2C5-158B4F2C3037}.Debug|Any CPU.Build.0 = Debug|Any CPU
		{56936ABC-5AD9-44B7-B2C5-158B4F2C3037}.Release|Any CPU.ActiveCfg = Release|Any CPU
		{0034C5B1-CE2C-4023-9AD6-2BC50C2ED12D}.Debug|Any CPU.ActiveCfg = Debug|Any CPU
		{0034C5B1-CE2C-4023-9AD6-2BC50C2ED12D}.Debug|Any CPU.Build.0 = Debug|Any CPU
		{0034C5B1-CE2C-4023-9AD6-2BC50C2ED12D}.Release|Any CPU.ActiveCfg = Release|Any CPU
		{0034C5B1-CE2C-4023-9AD6-2BC50C2ED12D}.Release|Any CPU.Build.0 = Release|Any CPU
		{FB849E8D-8164-4FDF-940B-B4311D680033}.Debug|Any CPU.ActiveCfg = Debug|Any CPU
		{FB849E8D-8164-4FDF-940B-B4311D680033}.Debug|Any CPU.Build.0 = Debug|Any CPU
		{FB849E8D-8164-4FDF-940B-B4311D680033}.Release|Any CPU.ActiveCfg = Release|Any CPU
		{FB849E8D-8164-4FDF-940B-B4311D680033}.Release|Any CPU.Build.0 = Release|Any CPU
		{96EC0DE9-72DB-4C10-88B6-E1ED305F4E50}.Debug|Any CPU.ActiveCfg = Debug|Any CPU
		{96EC0DE9-72DB-4C10-88B6-E1ED305F4E50}.Debug|Any CPU.Build.0 = Debug|Any CPU
		{96EC0DE9-72DB-4C10-88B6-E1ED305F4E50}.Release|Any CPU.ActiveCfg = Release|Any CPU
		{96EC0DE9-72DB-4C10-88B6-E1ED305F4E50}.Release|Any CPU.Build.0 = Release|Any CPU
		{C8799301-E976-42BE-AC67-E999AC4DA157}.Debug|Any CPU.ActiveCfg = Debug|Any CPU
		{C8799301-E976-42BE-AC67-E999AC4DA157}.Debug|Any CPU.Build.0 = Debug|Any CPU
		{C8799301-E976-42BE-AC67-E999AC4DA157}.Release|Any CPU.ActiveCfg = Release|Any CPU
		{C8799301-E976-42BE-AC67-E999AC4DA157}.Release|Any CPU.Build.0 = Release|Any CPU
		{A094A2A3-07B3-41A4-9D37-302239AF4F51}.Debug|Any CPU.ActiveCfg = Debug|Any CPU
		{A094A2A3-07B3-41A4-9D37-302239AF4F51}.Debug|Any CPU.Build.0 = Debug|Any CPU
		{A094A2A3-07B3-41A4-9D37-302239AF4F51}.Release|Any CPU.ActiveCfg = Release|Any CPU
		{A094A2A3-07B3-41A4-9D37-302239AF4F51}.Release|Any CPU.Build.0 = Release|Any CPU
		{96FFBFA7-1062-4C43-B365-8C47FBF1237B}.Debug|Any CPU.ActiveCfg = Debug|Any CPU
		{96FFBFA7-1062-4C43-B365-8C47FBF1237B}.Debug|Any CPU.Build.0 = Debug|Any CPU
		{96FFBFA7-1062-4C43-B365-8C47FBF1237B}.Release|Any CPU.ActiveCfg = Release|Any CPU
		{96FFBFA7-1062-4C43-B365-8C47FBF1237B}.Release|Any CPU.Build.0 = Release|Any CPU
	EndGlobalSection
	GlobalSection(SolutionProperties) = preSolution
		HideSolutionNode = FALSE
	EndGlobalSection
	GlobalSection(ExtensibilityGlobals) = postSolution
		SolutionGuid = {C17F7820-687D-43CE-B3C7-94D8F59DA3E9}
	EndGlobalSection
EndGlobal
